// !$*UTF8*$!
{
	archiveVersion = 1;
	classes = {
	};
	objectVersion = 52;
	objects = {

/* Begin PBXBuildFile section */
		64467537127DC924C4B18A96 /* Pods_GameCard.framework in Frameworks */ = {isa = PBXBuildFile; fileRef = 7FC295E4CD30423AB7BCEC79 /* Pods_GameCard.framework */; };
		B076A4C72705685F0042D90A /* SlideOverCard in Frameworks */ = {isa = PBXBuildFile; productRef = B076A4C62705685F0042D90A /* SlideOverCard */; };
		B0BC8B6626FC332800E3965E /* GameCardApp.swift in Sources */ = {isa = PBXBuildFile; fileRef = B0BC8B6526FC332800E3965E /* GameCardApp.swift */; };
		B0BC8B6A26FC332A00E3965E /* Assets.xcassets in Resources */ = {isa = PBXBuildFile; fileRef = B0BC8B6926FC332A00E3965E /* Assets.xcassets */; };
		B0BC8B6D26FC332A00E3965E /* Preview Assets.xcassets in Resources */ = {isa = PBXBuildFile; fileRef = B0BC8B6C26FC332A00E3965E /* Preview Assets.xcassets */; };
		B0BC8B7526FC449300E3965E /* SettingView.swift in Sources */ = {isa = PBXBuildFile; fileRef = B0BC8B7426FC449300E3965E /* SettingView.swift */; };
		B0BC8B7726FD6C2E00E3965E /* ConsolesView.swift in Sources */ = {isa = PBXBuildFile; fileRef = B0BC8B7626FD6C2E00E3965E /* ConsolesView.swift */; };
		B0BC8B7926FD758E00E3965E /* StatsView.swift in Sources */ = {isa = PBXBuildFile; fileRef = B0BC8B7826FD758D00E3965E /* StatsView.swift */; };
		B0BC8B7B2702B9A600E3965E /* SignInView.swift in Sources */ = {isa = PBXBuildFile; fileRef = B0BC8B7A2702B9A400E3965E /* SignInView.swift */; };
		B0BC8B8727032E5700E3965E /* GoogleService-Info.plist in Resources */ = {isa = PBXBuildFile; fileRef = B0BC8B8627032E5700E3965E /* GoogleService-Info.plist */; };
		B0BC8B8C2704142D00E3965E /* AppDelegate.swift in Sources */ = {isa = PBXBuildFile; fileRef = B0BC8B8B2704142C00E3965E /* AppDelegate.swift */; };
		B0BC8B8E270414DC00E3965E /* SceneDelegate.swift in Sources */ = {isa = PBXBuildFile; fileRef = B0BC8B8D270414DC00E3965E /* SceneDelegate.swift */; };
		B0BC8B9427043DB200E3965E /* GoogleSignIn in Frameworks */ = {isa = PBXBuildFile; productRef = B0BC8B9327043DB200E3965E /* GoogleSignIn */; };
/* End PBXBuildFile section */

/* Begin PBXFileReference section */
		3B206F42DD1395AE17E24555 /* Pods-GameCard.debug.xcconfig */ = {isa = PBXFileReference; includeInIndex = 1; lastKnownFileType = text.xcconfig; name = "Pods-GameCard.debug.xcconfig"; path = "Target Support Files/Pods-GameCard/Pods-GameCard.debug.xcconfig"; sourceTree = "<group>"; };
		7FC295E4CD30423AB7BCEC79 /* Pods_GameCard.framework */ = {isa = PBXFileReference; explicitFileType = wrapper.framework; includeInIndex = 0; path = Pods_GameCard.framework; sourceTree = BUILT_PRODUCTS_DIR; };
		B076A4C827059F0A0042D90A /* GameCard.entitlements */ = {isa = PBXFileReference; lastKnownFileType = text.plist.entitlements; path = GameCard.entitlements; sourceTree = "<group>"; };
		B0A447C2270F325E006DDE92 /* Accelerate.framework */ = {isa = PBXFileReference; lastKnownFileType = wrapper.framework; name = Accelerate.framework; path = System/Library/Frameworks/Accelerate.framework; sourceTree = SDKROOT; };
		B0BC8B6226FC332800E3965E /* GameCard.app */ = {isa = PBXFileReference; explicitFileType = wrapper.application; includeInIndex = 0; path = GameCard.app; sourceTree = BUILT_PRODUCTS_DIR; };
		B0BC8B6526FC332800E3965E /* GameCardApp.swift */ = {isa = PBXFileReference; lastKnownFileType = sourcecode.swift; path = GameCardApp.swift; sourceTree = "<group>"; };
		B0BC8B6926FC332A00E3965E /* Assets.xcassets */ = {isa = PBXFileReference; lastKnownFileType = folder.assetcatalog; path = Assets.xcassets; sourceTree = "<group>"; };
		B0BC8B6C26FC332A00E3965E /* Preview Assets.xcassets */ = {isa = PBXFileReference; lastKnownFileType = folder.assetcatalog; path = "Preview Assets.xcassets"; sourceTree = "<group>"; };
		B0BC8B6E26FC332A00E3965E /* Info.plist */ = {isa = PBXFileReference; lastKnownFileType = text.plist.xml; path = Info.plist; sourceTree = "<group>"; };
		B0BC8B7426FC449300E3965E /* SettingView.swift */ = {isa = PBXFileReference; lastKnownFileType = sourcecode.swift; path = SettingView.swift; sourceTree = "<group>"; };
		B0BC8B7626FD6C2E00E3965E /* ConsolesView.swift */ = {isa = PBXFileReference; lastKnownFileType = sourcecode.swift; path = ConsolesView.swift; sourceTree = "<group>"; };
		B0BC8B7826FD758D00E3965E /* StatsView.swift */ = {isa = PBXFileReference; lastKnownFileType = sourcecode.swift; path = StatsView.swift; sourceTree = "<group>"; };
		B0BC8B7A2702B9A400E3965E /* SignInView.swift */ = {isa = PBXFileReference; lastKnownFileType = sourcecode.swift; path = SignInView.swift; sourceTree = "<group>"; };
		B0BC8B8627032E5700E3965E /* GoogleService-Info.plist */ = {isa = PBXFileReference; fileEncoding = 4; lastKnownFileType = text.plist.xml; path = "GoogleService-Info.plist"; sourceTree = "<group>"; };
		B0BC8B8B2704142C00E3965E /* AppDelegate.swift */ = {isa = PBXFileReference; lastKnownFileType = sourcecode.swift; path = AppDelegate.swift; sourceTree = "<group>"; };
		B0BC8B8D270414DC00E3965E /* SceneDelegate.swift */ = {isa = PBXFileReference; lastKnownFileType = sourcecode.swift; path = SceneDelegate.swift; sourceTree = "<group>"; };
		C460FF62879005C3473295FA /* Pods-GameCard.release.xcconfig */ = {isa = PBXFileReference; includeInIndex = 1; lastKnownFileType = text.xcconfig; name = "Pods-GameCard.release.xcconfig"; path = "Target Support Files/Pods-GameCard/Pods-GameCard.release.xcconfig"; sourceTree = "<group>"; };
/* End PBXFileReference section */

/* Begin PBXFrameworksBuildPhase section */
		B0BC8B5F26FC332800E3965E /* Frameworks */ = {
			isa = PBXFrameworksBuildPhase;
			buildActionMask = 2147483647;
			files = (
				B076A4C72705685F0042D90A /* SlideOverCard in Frameworks */,
				B0BC8B9427043DB200E3965E /* GoogleSignIn in Frameworks */,
				64467537127DC924C4B18A96 /* Pods_GameCard.framework in Frameworks */,
			);
			runOnlyForDeploymentPostprocessing = 0;
		};
/* End PBXFrameworksBuildPhase section */

/* Begin PBXGroup section */
		71E02C70CBB0D7DEA038216C /* Pods */ = {
			isa = PBXGroup;
			children = (
				3B206F42DD1395AE17E24555 /* Pods-GameCard.debug.xcconfig */,
				C460FF62879005C3473295FA /* Pods-GameCard.release.xcconfig */,
			);
			path = Pods;
			sourceTree = "<group>";
		};
		B0A447C1270F325D006DDE92 /* Frameworks */ = {
			isa = PBXGroup;
			children = (
				B0A447C2270F325E006DDE92 /* Accelerate.framework */,
				7FC295E4CD30423AB7BCEC79 /* Pods_GameCard.framework */,
			);
			name = Frameworks;
			sourceTree = "<group>";
		};
		B0BC8B5926FC332800E3965E = {
			isa = PBXGroup;
			children = (
				B0BC8B6426FC332800E3965E /* GameCard */,
				B0BC8B6326FC332800E3965E /* Products */,
				B0A447C1270F325D006DDE92 /* Frameworks */,
				71E02C70CBB0D7DEA038216C /* Pods */,
			);
			sourceTree = "<group>";
		};
		B0BC8B6326FC332800E3965E /* Products */ = {
			isa = PBXGroup;
			children = (
				B0BC8B6226FC332800E3965E /* GameCard.app */,
			);
			name = Products;
			sourceTree = "<group>";
		};
		B0BC8B6426FC332800E3965E /* GameCard */ = {
			isa = PBXGroup;
			children = (
				B076A4C827059F0A0042D90A /* GameCard.entitlements */,
				B0BC8B6526FC332800E3965E /* GameCardApp.swift */,
				B0BC8B6926FC332A00E3965E /* Assets.xcassets */,
				B0BC8B6E26FC332A00E3965E /* Info.plist */,
				B0BC8B6B26FC332A00E3965E /* Preview Content */,
				B0BC8B7426FC449300E3965E /* SettingView.swift */,
				B0BC8B7626FD6C2E00E3965E /* ConsolesView.swift */,
				B0BC8B7826FD758D00E3965E /* StatsView.swift */,
				B0BC8B7A2702B9A400E3965E /* SignInView.swift */,
				B0BC8B8627032E5700E3965E /* GoogleService-Info.plist */,
				B0BC8B8B2704142C00E3965E /* AppDelegate.swift */,
				B0BC8B8D270414DC00E3965E /* SceneDelegate.swift */,
			);
			path = GameCard;
			sourceTree = "<group>";
		};
		B0BC8B6B26FC332A00E3965E /* Preview Content */ = {
			isa = PBXGroup;
			children = (
				B0BC8B6C26FC332A00E3965E /* Preview Assets.xcassets */,
			);
			path = "Preview Content";
			sourceTree = "<group>";
		};
/* End PBXGroup section */

/* Begin PBXNativeTarget section */
		B0BC8B6126FC332800E3965E /* GameCard */ = {
			isa = PBXNativeTarget;
			buildConfigurationList = B0BC8B7126FC332A00E3965E /* Build configuration list for PBXNativeTarget "GameCard" */;
			buildPhases = (
				D6542EE4939F7CA48D54CFFE /* [CP] Check Pods Manifest.lock */,
				B0BC8B5E26FC332800E3965E /* Sources */,
				B0BC8B5F26FC332800E3965E /* Frameworks */,
				B0BC8B6026FC332800E3965E /* Resources */,
				1F18EE3E71DC385E4FC27E35 /* [CP] Embed Pods Frameworks */,
			);
			buildRules = (
			);
			dependencies = (
			);
			name = GameCard;
			packageProductDependencies = (
				B0BC8B9327043DB200E3965E /* GoogleSignIn */,
				B076A4C62705685F0042D90A /* SlideOverCard */,
			);
			productName = GameCard;
			productReference = B0BC8B6226FC332800E3965E /* GameCard.app */;
			productType = "com.apple.product-type.application";
		};
/* End PBXNativeTarget section */

/* Begin PBXProject section */
		B0BC8B5A26FC332800E3965E /* Project object */ = {
			isa = PBXProject;
			attributes = {
				LastSwiftUpdateCheck = 1250;
				LastUpgradeCheck = 1250;
				TargetAttributes = {
					B0BC8B6126FC332800E3965E = {
						CreatedOnToolsVersion = 12.5;
					};
				};
			};
			buildConfigurationList = B0BC8B5D26FC332800E3965E /* Build configuration list for PBXProject "GameCard" */;
			compatibilityVersion = "Xcode 9.3";
			developmentRegion = en;
			hasScannedForEncodings = 0;
			knownRegions = (
				en,
				Base,
			);
			mainGroup = B0BC8B5926FC332800E3965E;
			packageReferences = (
				B0BC8B9227043DB200E3965E /* XCRemoteSwiftPackageReference "GoogleSignIn-iOS" */,
				B076A4C52705685F0042D90A /* XCRemoteSwiftPackageReference "SlideOverCard" */,
			);
			productRefGroup = B0BC8B6326FC332800E3965E /* Products */;
			projectDirPath = "";
			projectRoot = "";
			targets = (
				B0BC8B6126FC332800E3965E /* GameCard */,
			);
		};
/* End PBXProject section */

/* Begin PBXResourcesBuildPhase section */
		B0BC8B6026FC332800E3965E /* Resources */ = {
			isa = PBXResourcesBuildPhase;
			buildActionMask = 2147483647;
			files = (
				B0BC8B6D26FC332A00E3965E /* Preview Assets.xcassets in Resources */,
				B0BC8B6A26FC332A00E3965E /* Assets.xcassets in Resources */,
				B0BC8B8727032E5700E3965E /* GoogleService-Info.plist in Resources */,
			);
			runOnlyForDeploymentPostprocessing = 0;
		};
/* End PBXResourcesBuildPhase section */

/* Begin PBXShellScriptBuildPhase section */
		1F18EE3E71DC385E4FC27E35 /* [CP] Embed Pods Frameworks */ = {
			isa = PBXShellScriptBuildPhase;
			buildActionMask = 2147483647;
			files = (
			);
			inputFileListPaths = (
				"${PODS_ROOT}/Target Support Files/Pods-GameCard/Pods-GameCard-frameworks-${CONFIGURATION}-input-files.xcfilelist",
			);
			name = "[CP] Embed Pods Frameworks";
			outputFileListPaths = (
				"${PODS_ROOT}/Target Support Files/Pods-GameCard/Pods-GameCard-frameworks-${CONFIGURATION}-output-files.xcfilelist",
			);
			runOnlyForDeploymentPostprocessing = 0;
			shellPath = /bin/sh;
			shellScript = "\"${PODS_ROOT}/Target Support Files/Pods-GameCard/Pods-GameCard-frameworks.sh\"\n";
			showEnvVarsInLog = 0;
		};
		D6542EE4939F7CA48D54CFFE /* [CP] Check Pods Manifest.lock */ = {
			isa = PBXShellScriptBuildPhase;
			buildActionMask = 2147483647;
			files = (
			);
			inputFileListPaths = (
			);
			inputPaths = (
				"${PODS_PODFILE_DIR_PATH}/Podfile.lock",
				"${PODS_ROOT}/Manifest.lock",
			);
			name = "[CP] Check Pods Manifest.lock";
			outputFileListPaths = (
			);
			outputPaths = (
				"$(DERIVED_FILE_DIR)/Pods-GameCard-checkManifestLockResult.txt",
			);
			runOnlyForDeploymentPostprocessing = 0;
			shellPath = /bin/sh;
			shellScript = "diff \"${PODS_PODFILE_DIR_PATH}/Podfile.lock\" \"${PODS_ROOT}/Manifest.lock\" > /dev/null\nif [ $? != 0 ] ; then\n    # print error to STDERR\n    echo \"error: The sandbox is not in sync with the Podfile.lock. Run 'pod install' or update your CocoaPods installation.\" >&2\n    exit 1\nfi\n# This output is used by Xcode 'outputs' to avoid re-running this script phase.\necho \"SUCCESS\" > \"${SCRIPT_OUTPUT_FILE_0}\"\n";
			showEnvVarsInLog = 0;
		};
/* End PBXShellScriptBuildPhase section */

/* Begin PBXSourcesBuildPhase section */
		B0BC8B5E26FC332800E3965E /* Sources */ = {
			isa = PBXSourcesBuildPhase;
			buildActionMask = 2147483647;
			files = (
				B0BC8B8C2704142D00E3965E /* AppDelegate.swift in Sources */,
				B0BC8B8E270414DC00E3965E /* SceneDelegate.swift in Sources */,
				B0BC8B7B2702B9A600E3965E /* SignInView.swift in Sources */,
				B0BC8B7526FC449300E3965E /* SettingView.swift in Sources */,
				B0BC8B7926FD758E00E3965E /* StatsView.swift in Sources */,
				B0BC8B7726FD6C2E00E3965E /* ConsolesView.swift in Sources */,
				B0BC8B6626FC332800E3965E /* GameCardApp.swift in Sources */,
			);
			runOnlyForDeploymentPostprocessing = 0;
		};
/* End PBXSourcesBuildPhase section */

/* Begin XCBuildConfiguration section */
		B0BC8B6F26FC332A00E3965E /* Debug */ = {
			isa = XCBuildConfiguration;
			buildSettings = {
				ALWAYS_SEARCH_USER_PATHS = NO;
				CLANG_ANALYZER_NONNULL = YES;
				CLANG_ANALYZER_NUMBER_OBJECT_CONVERSION = YES_AGGRESSIVE;
				CLANG_CXX_LANGUAGE_STANDARD = "gnu++14";
				CLANG_CXX_LIBRARY = "libc++";
				CLANG_ENABLE_MODULES = YES;
				CLANG_ENABLE_OBJC_ARC = YES;
				CLANG_ENABLE_OBJC_WEAK = YES;
				CLANG_WARN_BLOCK_CAPTURE_AUTORELEASING = YES;
				CLANG_WARN_BOOL_CONVERSION = YES;
				CLANG_WARN_COMMA = YES;
				CLANG_WARN_CONSTANT_CONVERSION = YES;
				CLANG_WARN_DEPRECATED_OBJC_IMPLEMENTATIONS = YES;
				CLANG_WARN_DIRECT_OBJC_ISA_USAGE = YES_ERROR;
				CLANG_WARN_DOCUMENTATION_COMMENTS = YES;
				CLANG_WARN_EMPTY_BODY = YES;
				CLANG_WARN_ENUM_CONVERSION = YES;
				CLANG_WARN_INFINITE_RECURSION = YES;
				CLANG_WARN_INT_CONVERSION = YES;
				CLANG_WARN_NON_LITERAL_NULL_CONVERSION = YES;
				CLANG_WARN_OBJC_IMPLICIT_RETAIN_SELF = YES;
				CLANG_WARN_OBJC_LITERAL_CONVERSION = YES;
				CLANG_WARN_OBJC_ROOT_CLASS = YES_ERROR;
				CLANG_WARN_QUOTED_INCLUDE_IN_FRAMEWORK_HEADER = YES;
				CLANG_WARN_RANGE_LOOP_ANALYSIS = YES;
				CLANG_WARN_STRICT_PROTOTYPES = YES;
				CLANG_WARN_SUSPICIOUS_MOVE = YES;
				CLANG_WARN_UNGUARDED_AVAILABILITY = YES_AGGRESSIVE;
				CLANG_WARN_UNREACHABLE_CODE = YES;
				CLANG_WARN__DUPLICATE_METHOD_MATCH = YES;
				COPY_PHASE_STRIP = NO;
				DEBUG_INFORMATION_FORMAT = dwarf;
				ENABLE_STRICT_OBJC_MSGSEND = YES;
				ENABLE_TESTABILITY = YES;
				GCC_C_LANGUAGE_STANDARD = gnu11;
				GCC_DYNAMIC_NO_PIC = NO;
				GCC_NO_COMMON_BLOCKS = YES;
				GCC_OPTIMIZATION_LEVEL = 0;
				GCC_PREPROCESSOR_DEFINITIONS = (
					"DEBUG=1",
					"$(inherited)",
				);
				GCC_WARN_64_TO_32_BIT_CONVERSION = YES;
				GCC_WARN_ABOUT_RETURN_TYPE = YES_ERROR;
				GCC_WARN_UNDECLARED_SELECTOR = YES;
				GCC_WARN_UNINITIALIZED_AUTOS = YES_AGGRESSIVE;
				GCC_WARN_UNUSED_FUNCTION = YES;
				GCC_WARN_UNUSED_VARIABLE = YES;
				IPHONEOS_DEPLOYMENT_TARGET = 14.5;
				MTL_ENABLE_DEBUG_INFO = INCLUDE_SOURCE;
				MTL_FAST_MATH = YES;
				ONLY_ACTIVE_ARCH = YES;
				SDKROOT = iphoneos;
				SWIFT_ACTIVE_COMPILATION_CONDITIONS = DEBUG;
				SWIFT_OPTIMIZATION_LEVEL = "-Onone";
			};
			name = Debug;
		};
		B0BC8B7026FC332A00E3965E /* Release */ = {
			isa = XCBuildConfiguration;
			buildSettings = {
				ALWAYS_SEARCH_USER_PATHS = NO;
				CLANG_ANALYZER_NONNULL = YES;
				CLANG_ANALYZER_NUMBER_OBJECT_CONVERSION = YES_AGGRESSIVE;
				CLANG_CXX_LANGUAGE_STANDARD = "gnu++14";
				CLANG_CXX_LIBRARY = "libc++";
				CLANG_ENABLE_MODULES = YES;
				CLANG_ENABLE_OBJC_ARC = YES;
				CLANG_ENABLE_OBJC_WEAK = YES;
				CLANG_WARN_BLOCK_CAPTURE_AUTORELEASING = YES;
				CLANG_WARN_BOOL_CONVERSION = YES;
				CLANG_WARN_COMMA = YES;
				CLANG_WARN_CONSTANT_CONVERSION = YES;
				CLANG_WARN_DEPRECATED_OBJC_IMPLEMENTATIONS = YES;
				CLANG_WARN_DIRECT_OBJC_ISA_USAGE = YES_ERROR;
				CLANG_WARN_DOCUMENTATION_COMMENTS = YES;
				CLANG_WARN_EMPTY_BODY = YES;
				CLANG_WARN_ENUM_CONVERSION = YES;
				CLANG_WARN_INFINITE_RECURSION = YES;
				CLANG_WARN_INT_CONVERSION = YES;
				CLANG_WARN_NON_LITERAL_NULL_CONVERSION = YES;
				CLANG_WARN_OBJC_IMPLICIT_RETAIN_SELF = YES;
				CLANG_WARN_OBJC_LITERAL_CONVERSION = YES;
				CLANG_WARN_OBJC_ROOT_CLASS = YES_ERROR;
				CLANG_WARN_QUOTED_INCLUDE_IN_FRAMEWORK_HEADER = YES;
				CLANG_WARN_RANGE_LOOP_ANALYSIS = YES;
				CLANG_WARN_STRICT_PROTOTYPES = YES;
				CLANG_WARN_SUSPICIOUS_MOVE = YES;
				CLANG_WARN_UNGUARDED_AVAILABILITY = YES_AGGRESSIVE;
				CLANG_WARN_UNREACHABLE_CODE = YES;
				CLANG_WARN__DUPLICATE_METHOD_MATCH = YES;
				COPY_PHASE_STRIP = NO;
				DEBUG_INFORMATION_FORMAT = "dwarf-with-dsym";
				ENABLE_NS_ASSERTIONS = NO;
				ENABLE_STRICT_OBJC_MSGSEND = YES;
				GCC_C_LANGUAGE_STANDARD = gnu11;
				GCC_NO_COMMON_BLOCKS = YES;
				GCC_WARN_64_TO_32_BIT_CONVERSION = YES;
				GCC_WARN_ABOUT_RETURN_TYPE = YES_ERROR;
				GCC_WARN_UNDECLARED_SELECTOR = YES;
				GCC_WARN_UNINITIALIZED_AUTOS = YES_AGGRESSIVE;
				GCC_WARN_UNUSED_FUNCTION = YES;
				GCC_WARN_UNUSED_VARIABLE = YES;
				IPHONEOS_DEPLOYMENT_TARGET = 14.5;
				MTL_ENABLE_DEBUG_INFO = NO;
				MTL_FAST_MATH = YES;
				SDKROOT = iphoneos;
				SWIFT_COMPILATION_MODE = wholemodule;
				SWIFT_OPTIMIZATION_LEVEL = "-O";
				VALIDATE_PRODUCT = YES;
			};
			name = Release;
		};
		B0BC8B7226FC332A00E3965E /* Debug */ = {
			isa = XCBuildConfiguration;
			baseConfigurationReference = 3B206F42DD1395AE17E24555 /* Pods-GameCard.debug.xcconfig */;
			buildSettings = {
				ASSETCATALOG_COMPILER_APPICON_NAME = AppIcon;
				ASSETCATALOG_COMPILER_GLOBAL_ACCENT_COLOR_NAME = AccentColor;
				CODE_SIGN_ENTITLEMENTS = GameCard/GameCard.entitlements;
				CODE_SIGN_IDENTITY = "Apple Development";
				CODE_SIGN_STYLE = Automatic;
				DEVELOPMENT_ASSET_PATHS = "\"GameCard/Preview Content\"";
				DEVELOPMENT_TEAM = 29294GQRKM;
				ENABLE_PREVIEWS = YES;
				INFOPLIST_FILE = GameCard/Info.plist;
				IPHONEOS_DEPLOYMENT_TARGET = 14.1;
				LD_RUNPATH_SEARCH_PATHS = (
					"$(inherited)",
					"@executable_path/Frameworks",
				);
				PRODUCT_BUNDLE_IDENTIFIER = com.spiffyeight77.GameCard;
				PRODUCT_NAME = "$(TARGET_NAME)";
				PROVISIONING_PROFILE_SPECIFIER = "";
				SWIFT_VERSION = 5.0;
				TARGETED_DEVICE_FAMILY = "1,2";
			};
			name = Debug;
		};
		B0BC8B7326FC332A00E3965E /* Release */ = {
			isa = XCBuildConfiguration;
			baseConfigurationReference = C460FF62879005C3473295FA /* Pods-GameCard.release.xcconfig */;
			buildSettings = {
				ASSETCATALOG_COMPILER_APPICON_NAME = AppIcon;
				ASSETCATALOG_COMPILER_GLOBAL_ACCENT_COLOR_NAME = AccentColor;
				CODE_SIGN_ENTITLEMENTS = GameCard/GameCard.entitlements;
				CODE_SIGN_IDENTITY = "Apple Development";
				CODE_SIGN_STYLE = Automatic;
				DEVELOPMENT_ASSET_PATHS = "\"GameCard/Preview Content\"";
				DEVELOPMENT_TEAM = 29294GQRKM;
				ENABLE_PREVIEWS = YES;
				INFOPLIST_FILE = GameCard/Info.plist;
				IPHONEOS_DEPLOYMENT_TARGET = 14.1;
				LD_RUNPATH_SEARCH_PATHS = (
					"$(inherited)",
					"@executable_path/Frameworks",
				);
				PRODUCT_BUNDLE_IDENTIFIER = com.spiffyeight77.GameCard;
				PRODUCT_NAME = "$(TARGET_NAME)";
				PROVISIONING_PROFILE_SPECIFIER = "";
				SWIFT_VERSION = 5.0;
				TARGETED_DEVICE_FAMILY = "1,2";
			};
			name = Release;
		};
/* End XCBuildConfiguration section */

/* Begin XCConfigurationList section */
		B0BC8B5D26FC332800E3965E /* Build configuration list for PBXProject "GameCard" */ = {
			isa = XCConfigurationList;
			buildConfigurations = (
				B0BC8B6F26FC332A00E3965E /* Debug */,
				B0BC8B7026FC332A00E3965E /* Release */,
			);
			defaultConfigurationIsVisible = 0;
			defaultConfigurationName = Release;
		};
		B0BC8B7126FC332A00E3965E /* Build configuration list for PBXNativeTarget "GameCard" */ = {
			isa = XCConfigurationList;
			buildConfigurations = (
				B0BC8B7226FC332A00E3965E /* Debug */,
				B0BC8B7326FC332A00E3965E /* Release */,
			);
			defaultConfigurationIsVisible = 0;
			defaultConfigurationName = Release;
		};
/* End XCConfigurationList section */

/* Begin XCRemoteSwiftPackageReference section */
		B076A4C52705685F0042D90A /* XCRemoteSwiftPackageReference "SlideOverCard" */ = {
			isa = XCRemoteSwiftPackageReference;
			repositoryURL = "https://github.com/joogps/SlideOverCard.git";
			requirement = {
				kind = upToNextMajorVersion;
				minimumVersion = 2.0.0;
			};
		};
		B0BC8B9227043DB200E3965E /* XCRemoteSwiftPackageReference "GoogleSignIn-iOS" */ = {
			isa = XCRemoteSwiftPackageReference;
			repositoryURL = "https://github.com/google/GoogleSignIn-iOS";
			requirement = {
				kind = upToNextMajorVersion;
				minimumVersion = 6.0.2;
			};
		};
/* End XCRemoteSwiftPackageReference section */

/* Begin XCSwiftPackageProductDependency section */
		B076A4C62705685F0042D90A /* SlideOverCard */ = {
			isa = XCSwiftPackageProductDependency;
			package = B076A4C52705685F0042D90A /* XCRemoteSwiftPackageReference "SlideOverCard" */;
			productName = SlideOverCard;
		};
		B0BC8B9327043DB200E3965E /* GoogleSignIn */ = {
			isa = XCSwiftPackageProductDependency;
			package = B0BC8B9227043DB200E3965E /* XCRemoteSwiftPackageReference "GoogleSignIn-iOS" */;
			productName = GoogleSignIn;
		};
/* End XCSwiftPackageProductDependency section */
	};
	rootObject = B0BC8B5A26FC332800E3965E /* Project object */;
}
